
Microsoft Visual Studio Solution File, Format Version 12.00
# Visual Studio Version 18
VisualStudioVersion = 18.4.11519.219
MinimumVisualStudioVersion = 10.0.40219.1
Project("{FAE04EC0-301F-11D3-BF4B-00C04F79EFBC}") = "FiestaLauncher", "FiestaLauncher\FiestaLauncher.csproj", "{A1B2C3D4-E5F6-7890-ABCD-EF1234567890}"
EndProject
Project("{FAE04EC0-301F-11D3-BF4B-00C04F79EFBC}") = "NanoWrapper", "NanoWrapper\NanoWrapper.csproj", "{58886426-C078-4EBB-92E6-C63D1D8063A0}"
EndProject
Project("{FAE04EC0-301F-11D3-BF4B-00C04F79EFBC}") = "FiestaLauncher.Shared", "FiestaLauncher.Shared\FiestaLauncher.Shared.csproj", "{9A8754FB-27ED-47CD-8679-F3C64DBCB1FD}"
EndProject
Project("{FAE04EC0-301F-11D3-BF4B-00C04F79EFBC}") = "NanoSecurityTray", "NanoSecurityTray\NanoSecurityTray.csproj", "{55E0AB5B-55BB-4673-901E-76C431FDA61A}"
EndProject
Global
	GlobalSection(SolutionConfigurationPlatforms) = preSolution
		Debug|Any CPU = Debug|Any CPU
		Debug|x64 = Debug|x64
		Debug|x86 = Debug|x86
		Release|Any CPU = Release|Any CPU
		Release|x64 = Release|x64
		Release|x86 = Release|x86
	EndGlobalSection
	GlobalSection(ProjectConfigurationPlatforms) = postSolution
		{A1B2C3D4-E5F6-7890-ABCD-EF1234567890}.Debug|Any CPU.ActiveCfg = Debug|Any CPU
		{A1B2C3D4-E5F6-7890-ABCD-EF1234567890}.Debug|Any CPU.Build.0 = Debug|Any CPU
		{A1B2C3D4-E5F6-7890-ABCD-EF1234567890}.Debug|x64.ActiveCfg = Debug|Any CPU
		{A1B2C3D4-E5F6-7890-ABCD-EF1234567890}.Debug|x64.Build.0 = Debug|Any CPU
		{A1B2C3D4-E5F6-7890-ABCD-EF1234567890}.Debug|x86.ActiveCfg = Debug|Any CPU
		{A1B2C3D4-E5F6-7890-ABCD-EF1234567890}.Debug|x86.Build.0 = Debug|Any CPU
		{A1B2C3D4-E5F6-7890-ABCD-EF1234567890}.Release|Any CPU.ActiveCfg = Release|Any CPU
		{A1B2C3D4-E5F6-7890-ABCD-EF1234567890}.Release|Any CPU.Build.0 = Release|Any CPU
		{A1B2C3D4-E5F6-7890-ABCD-EF1234567890}.Release|x64.ActiveCfg = Release|Any CPU
		{A1B2C3D4-E5F6-7890-ABCD-EF1234567890}.Release|x64.Build.0 = Release|Any CPU
		{A1B2C3D4-E5F6-7890-ABCD-EF1234567890}.Release|x86.ActiveCfg = Release|Any CPU
		{A1B2C3D4-E5F6-7890-ABCD-EF1234567890}.Release|x86.Build.0 = Release|Any CPU
		{58886426-C078-4EBB-92E6-C63D1D8063A0}.Debug|Any CPU.ActiveCfg = Debug|Any CPU
		{58886426-C078-4EBB-92E6-C63D1D8063A0}.Debug|Any CPU.Build.0 = Debug|Any CPU
		{58886426-C078-4EBB-92E6-C63D1D8063A0}.Debug|x64.ActiveCfg = Debug|Any CPU
		{58886426-C078-4EBB-92E6-C63D1D8063A0}.Debug|x64.Build.0 = Debug|Any CPU
		{58886426-C078-4EBB-92E6-C63D1D8063A0}.Debug|x86.ActiveCfg = Debug|Any CPU
		{58886426-C078-4EBB-92E6-C63D1D8063A0}.Debug|x86.Build.0 = Debug|Any CPU
		{58886426-C078-4EBB-92E6-C63D1D8063A0}.Release|Any CPU.ActiveCfg = Release|Any CPU
		{58886426-C078-4EBB-92E6-C63D1D8063A0}.Release|Any CPU.Build.0 = Release|Any CPU
		{58886426-C078-4EBB-92E6-C63D1D8063A0}.Release|x64.ActiveCfg = Release|Any CPU
		{58886426-C078-4EBB-92E6-C63D1D8063A0}.Release|x64.Build.0 = Release|Any CPU
		{58886426-C078-4EBB-92E6-C63D1D8063A0}.Release|x86.ActiveCfg = Release|Any CPU
		{58886426-C078-4EBB-92E6-C63D1D8063A0}.Release|x86.Build.0 = Release|Any CPU
		{9A8754FB-27ED-47CD-8679-F3C64DBCB1FD}.Debug|Any CPU.ActiveCfg = Debug|Any CPU
		{9A8754FB-27ED-47CD-8679-F3C64DBCB1FD}.Debug|Any CPU.Build.0 = Debug|Any CPU
		{9A8754FB-27ED-47CD-8679-F3C64DBCB1FD}.Debug|x64.ActiveCfg = Debug|Any CPU
		{9A8754FB-27ED-47CD-8679-F3C64DBCB1FD}.Debug|x64.Build.0 = Debug|Any CPU
		{9A8754FB-27ED-47CD-8679-F3C64DBCB1FD}.Debug|x86.ActiveCfg = Debug|Any CPU
		{9A8754FB-27ED-47CD-8679-F3C64DBCB1FD}.Debug|x86.Build.0 = Debug|Any CPU
		{9A8754FB-27ED-47CD-8679-F3C64DBCB1FD}.Release|Any CPU.ActiveCfg = Release|Any CPU
		{9A8754FB-27ED-47CD-8679-F3C64DBCB1FD}.Release|Any CPU.Build.0 = Release|Any CPU
		{9A8754FB-27ED-47CD-8679-F3C64DBCB1FD}.Release|x64.ActiveCfg = Release|Any CPU
		{9A8754FB-27ED-47CD-8679-F3C64DBCB1FD}.Release|x64.Build.0 = Release|Any CPU
		{9A8754FB-27ED-47CD-8679-F3C64DBCB1FD}.Release|x86.ActiveCfg = Release|Any CPU
		{9A8754FB-27ED-47CD-8679-F3C64DBCB1FD}.Release|x86.Build.0 = Release|Any CPU
		{55E0AB5B-55BB-4673-901E-76C431FDA61A}.Debug|Any CPU.ActiveCfg = Debug|Any CPU
		{55E0AB5B-55BB-4673-901E-76C431FDA61A}.Debug|Any CPU.Build.0 = Debug|Any CPU
		{55E0AB5B-55BB-4673-901E-76C431FDA61A}.Debug|x64.ActiveCfg = Debug|Any CPU
		{55E0AB5B-55BB-4673-901E-76C431FDA61A}.Debug|x64.Build.0 = Debug|Any CPU
		{55E0AB5B-55BB-4673-901E-76C431FDA61A}.Debug|x86.ActiveCfg = Debug|Any CPU
		{55E0AB5B-55BB-4673-901E-76C431FDA61A}.Debug|x86.Build.0 = Debug|Any CPU
		{55E0AB5B-55BB-4673-901E-76C431FDA61A}.Release|Any CPU.ActiveCfg = Release|Any CPU
		{55E0AB5B-55BB-4673-901E-76C431FDA61A}.Release|Any CPU.Build.0 = Release|Any CPU
		{55E0AB5B-55BB-4673-901E-76C431FDA61A}.Release|x64.ActiveCfg = Release|Any CPU
		{55E0AB5B-55BB-4673-901E-76C431FDA61A}.Release|x64.Build.0 = Release|Any CPU
		{55E0AB5B-55BB-4673-901E-76C431FDA61A}.Release|x86.ActiveCfg = Release|Any CPU
		{55E0AB5B-55BB-4673-901E-76C431FDA61A}.Release|x86.Build.0 = Release|Any CPU
	EndGlobalSection
	GlobalSection(SolutionProperties) = preSolution
		HideSolutionNode = FALSE
	EndGlobalSection
EndGlobal
